{
  "name": "repro-esm-uuid",
  "version": "1.0.0",
  "lockfileVersion": 1,
  "requires": true,
  "dependencies": {
    "esm": {
      "version": "3.0.73",
      "resolved": "https://registry.npmjs.org/esm/-/esm-3.0.73.tgz",
      "integrity": "sha512-HswK4XeV7dA0QyP+xsYOfNyj+PvGGno7Y8HeQzjauQRw2aLgoNtWaalSUhVvrSKlMt8DJo0HFqealHo5gjQNpg=="
    },
    "uuid": {
      "version": "3.3.2",
      "resolved": "https://registry.npmjs.org/uuid/-/uuid-3.3.2.tgz",
      "integrity": "sha512-yXJmeNaw3DnnKAOKJE51sL/ZaYfWJRl1pK9dr19YFCu0ObS231AB1/LbqTKRAQ5kw8A90rA6fr4riOUpTZvQZA=="
    }
  }
}
